
Microsoft Visual Studio Solution File, Format Version 12.00
# Visual Studio Version 17
VisualStudioVersion = 17.13.35825.156 d17.13
MinimumVisualStudioVersion = 10.0.40219.1
Project("{FAE04EC0-301F-11D3-BF4B-00C04F79EFBC}") = "LAB3.3", "LAB3.3\LAB3.3.csproj", "{76FD36E9-5F5E-4FDA-99D7-56C29D738F2B}"
EndProject
Global
	GlobalSection(SolutionConfigurationPlatforms) = preSolution
		Debug|Any CPU = Debug|Any CPU
		Release|Any CPU = Release|Any CPU
	EndGlobalSection
	GlobalSection(ProjectConfigurationPlatforms) = postSolution
		{76FD36E9-5F5E-4FDA-99D7-56C29D738F2B}.Debug|Any CPU.ActiveCfg = Debug|Any CPU
		{76FD36E9-5F5E-4FDA-99D7-56C29D738F2B}.Debug|Any CPU.Build.0 = Debug|Any CPU
		{76FD36E9-5F5E-4FDA-99D7-56C29D738F2B}.Release|Any CPU.ActiveCfg = Release|Any CPU
		{76FD36E9-5F5E-4FDA-99D7-56C29D738F2B}.Release|Any CPU.Build.0 = Release|Any CPU
	EndGlobalSection
	GlobalSection(SolutionProperties) = preSolution
		HideSolutionNode = FALSE
	EndGlobalSection
	GlobalSection(ExtensibilityGlobals) = postSolution
		SolutionGuid = {1F9A7C5A-BE96-4B02-95DA-C2B2A2D1B6EC}
	EndGlobalSection
EndGlobal
